
Microsoft Visual Studio Solution File, Format Version 12.00
# Visual Studio 2017
Project("{FAE04EC0-301F-11D3-BF4B-00C04F79EFBC}") = "PuzzleUnity.Plugins", "PuzzleUnity.Plugins.csproj", "{7A1029E5-9B1C-F2CA-2290-FB18CDE732EA}"
EndProject
Project("{FAE04EC0-301F-11D3-BF4B-00C04F79EFBC}") = "PuzzleUnity", "PuzzleUnity.csproj", "{16417829-37A2-F8B1-1FEA-646EF6FCD887}"
EndProject
Global
	GlobalSection(SolutionConfigurationPlatforms) = preSolution
		Debug|Any CPU = Debug|Any CPU
		Release|Any CPU = Release|Any CPU
	EndGlobalSection
	GlobalSection(ProjectConfigurationPlatforms) = postSolution
		{7A1029E5-9B1C-F2CA-2290-FB18CDE732EA}.Debug|Any CPU.ActiveCfg = Debug|Any CPU
		{7A1029E5-9B1C-F2CA-2290-FB18CDE732EA}.Debug|Any CPU.Build.0 = Debug|Any CPU
		{7A1029E5-9B1C-F2CA-2290-FB18CDE732EA}.Release|Any CPU.ActiveCfg = Release|Any CPU
		{7A1029E5-9B1C-F2CA-2290-FB18CDE732EA}.Release|Any CPU.Build.0 = Release|Any CPU
		{16417829-37A2-F8B1-1FEA-646EF6FCD887}.Debug|Any CPU.ActiveCfg = Debug|Any CPU
		{16417829-37A2-F8B1-1FEA-646EF6FCD887}.Debug|Any CPU.Build.0 = Debug|Any CPU
		{16417829-37A2-F8B1-1FEA-646EF6FCD887}.Release|Any CPU.ActiveCfg = Release|Any CPU
		{16417829-37A2-F8B1-1FEA-646EF6FCD887}.Release|Any CPU.Build.0 = Release|Any CPU
	EndGlobalSection
	GlobalSection(SolutionProperties) = preSolution
		HideSolutionNode = FALSE
	EndGlobalSection
EndGlobal
